
Microsoft Visual Studio Solution File, Format Version 12.00
# Visual Studio Version 17
VisualStudioVersion = 17.9.34701.34
MinimumVisualStudioVersion = 10.0.40219.1
Project("{9A19103F-16F7-4668-BE54-9A1E7A4F7556}") = "Domain", "Domain\Domain.csproj", "{3FDFA681-E2AD-4EBE-8022-E848587C5727}"
EndProject
Project("{2150E333-8FDC-42A3-9474-1A3956D46DE8}") = "Solution Items", "Solution Items", "{48974E79-B3A0-4540-8FFE-C0E8C55302B3}"
	ProjectSection(SolutionItems) = preProject
		.editorconfig = .editorconfig
	EndProjectSection
EndProject
Project("{9A19103F-16F7-4668-BE54-9A1E7A4F7556}") = "BL", "Application\BL.csproj", "{366D49D1-4F8D-47BA-83FA-5D5B1F708BA9}"
EndProject
Project("{9A19103F-16F7-4668-BE54-9A1E7A4F7556}") = "PresentationCLI", "Presentation\PresentationCLI.csproj", "{AD25F62A-E8D3-4F65-BC4E-56E0C782E63A}"
EndProject
Project("{9A19103F-16F7-4668-BE54-9A1E7A4F7556}") = "Infrastructure", "Infrastructure\Infrastructure.csproj", "{0DC84F3B-0FDA-4486-8525-F70BFF6E6FC8}"
EndProject
Project("{9A19103F-16F7-4668-BE54-9A1E7A4F7556}") = "PresentationWPF", "PresentationWPF\PresentationWPF.csproj", "{53844073-1312-4543-8BBC-2B2BF301579F}"
EndProject
Global
	GlobalSection(SolutionConfigurationPlatforms) = preSolution
		Debug|Any CPU = Debug|Any CPU
		Release|Any CPU = Release|Any CPU
	EndGlobalSection
	GlobalSection(ProjectConfigurationPlatforms) = postSolution
		{3FDFA681-E2AD-4EBE-8022-E848587C5727}.Debug|Any CPU.ActiveCfg = Debug|Any CPU
		{3FDFA681-E2AD-4EBE-8022-E848587C5727}.Debug|Any CPU.Build.0 = Debug|Any CPU
		{3FDFA681-E2AD-4EBE-8022-E848587C5727}.Release|Any CPU.ActiveCfg = Release|Any CPU
		{3FDFA681-E2AD-4EBE-8022-E848587C5727}.Release|Any CPU.Build.0 = Release|Any CPU
		{366D49D1-4F8D-47BA-83FA-5D5B1F708BA9}.Debug|Any CPU.ActiveCfg = Debug|Any CPU
		{366D49D1-4F8D-47BA-83FA-5D5B1F708BA9}.Debug|Any CPU.Build.0 = Debug|Any CPU
		{366D49D1-4F8D-47BA-83FA-5D5B1F708BA9}.Release|Any CPU.ActiveCfg = Release|Any CPU
		{366D49D1-4F8D-47BA-83FA-5D5B1F708BA9}.Release|Any CPU.Build.0 = Release|Any CPU
		{AD25F62A-E8D3-4F65-BC4E-56E0C782E63A}.Debug|Any CPU.ActiveCfg = Debug|Any CPU
		{AD25F62A-E8D3-4F65-BC4E-56E0C782E63A}.Debug|Any CPU.Build.0 = Debug|Any CPU
		{AD25F62A-E8D3-4F65-BC4E-56E0C782E63A}.Release|Any CPU.ActiveCfg = Release|Any CPU
		{AD25F62A-E8D3-4F65-BC4E-56E0C782E63A}.Release|Any CPU.Build.0 = Release|Any CPU
		{0DC84F3B-0FDA-4486-8525-F70BFF6E6FC8}.Debug|Any CPU.ActiveCfg = Debug|Any CPU
		{0DC84F3B-0FDA-4486-8525-F70BFF6E6FC8}.Debug|Any CPU.Build.0 = Debug|Any CPU
		{0DC84F3B-0FDA-4486-8525-F70BFF6E6FC8}.Release|Any CPU.ActiveCfg = Release|Any CPU
		{0DC84F3B-0FDA-4486-8525-F70BFF6E6FC8}.Release|Any CPU.Build.0 = Release|Any CPU
		{53844073-1312-4543-8BBC-2B2BF301579F}.Debug|Any CPU.ActiveCfg = Debug|Any CPU
		{53844073-1312-4543-8BBC-2B2BF301579F}.Debug|Any CPU.Build.0 = Debug|Any CPU
		{53844073-1312-4543-8BBC-2B2BF301579F}.Release|Any CPU.ActiveCfg = Release|Any CPU
		{53844073-1312-4543-8BBC-2B2BF301579F}.Release|Any CPU.Build.0 = Release|Any CPU
	EndGlobalSection
	GlobalSection(SolutionProperties) = preSolution
		HideSolutionNode = FALSE
	EndGlobalSection
	GlobalSection(ExtensibilityGlobals) = postSolution
		SolutionGuid = {D6CD1FDC-62D4-464A-8D32-5E4A4CCBF8DB}
	EndGlobalSection
EndGlobal
